# This file is automatically @generated by Cargo.
# It is not intended for manual editing.
[[package]]
name = "elfen"
version = "0.1.0"
source = "git+https://github.com/Project-Norn/elfen#246c953e6ea6200a836a9db833612bb0c9cb9be3"

[[package]]
name = "rota"
version = "0.1.0"
dependencies = [
 "elfen",
 "x86asm",
]

[[package]]
name = "x86asm"
version = "0.1.0"
source = "git+https://github.com/Project-Norn/x86asm#a095309994c006e1de70be29bc04f5c61553da57"
