# This file is automatically @generated by Cargo.
# It is not intended for manual editing.
[[package]]
name = "urd"
version = "0.1.0"
dependencies = [
 "x86asm",
]

[[package]]
name = "x86asm"
version = "0.1.0"
source = "git+https://github.com/Project-Norn/x86asm#76c46e7e762c3d90ff2932d160648ba604dff1a8"
