# This file is automatically @generated by Cargo.
# It is not intended for manual editing.
[[package]]
name = "elfen"
version = "0.1.0"
source = "git+https://github.com/Project-Norn/elfen#1ba9fdbc84c4fe040dbd452f603e3b8cd7beb228"

[[package]]
name = "herja"
version = "0.1.0"
dependencies = [
 "elfen",
]
